// !$*UTF8*$!
{
	archiveVersion = 1;
	classes = {
	};
	objectVersion = 77;
	objects = {

/* Begin PBXContainerItemProxy section */
		ED7719162CEB2D12009D7B05 /* PBXContainerItemProxy */ = {
			isa = PBXContainerItemProxy;
			containerPortal = ED7718F72CEB2D10009D7B05 /* Project object */;
			proxyType = 1;
			remoteGlobalIDString = ED7718FE2CEB2D10009D7B05;
			remoteInfo = AppGlint_Zenith;
		};
		ED7719202CEB2D12009D7B05 /* PBXContainerItemProxy */ = {
			isa = PBXContainerItemProxy;
			containerPortal = ED7718F72CEB2D10009D7B05 /* Project object */;
			proxyType = 1;
			remoteGlobalIDString = ED7718FE2CEB2D10009D7B05;
			remoteInfo = AppGlint_Zenith;
		};
/* End PBXContainerItemProxy section */

/* Begin PBXFileReference section */
		ED7718FF2CEB2D10009D7B05 /* AppGlint_Zenith.app */ = {isa = PBXFileReference; explicitFileType = wrapper.application; includeInIndex = 0; path = AppGlint_Zenith.app; sourceTree = BUILT_PRODUCTS_DIR; };
		ED7719152CEB2D12009D7B05 /* AppGlint_ZenithTests.xctest */ = {isa = PBXFileReference; explicitFileType = wrapper.cfbundle; includeInIndex = 0; path = AppGlint_ZenithTests.xctest; sourceTree = BUILT_PRODUCTS_DIR; };
		ED77191F2CEB2D12009D7B05 /* AppGlint_ZenithUITests.xctest */ = {isa = PBXFileReference; explicitFileType = wrapper.cfbundle; includeInIndex = 0; path = AppGlint_ZenithUITests.xctest; sourceTree = BUILT_PRODUCTS_DIR; };
/* End PBXFileReference section */

/* Begin PBXFileSystemSynchronizedBuildFileExceptionSet section */
		ED7719272CEB2D12009D7B05 /* Exceptions for "AppGlint_Zenith" folder in "AppGlint_Zenith" target */ = {
			isa = PBXFileSystemSynchronizedBuildFileExceptionSet;
			membershipExceptions = (
				Info.plist,
			);
			target = ED7718FE2CEB2D10009D7B05 /* AppGlint_Zenith */;
		};
/* End PBXFileSystemSynchronizedBuildFileExceptionSet section */

/* Begin PBXFileSystemSynchronizedRootGroup section */
		ED7719012CEB2D10009D7B05 /* AppGlint_Zenith */ = {
			isa = PBXFileSystemSynchronizedRootGroup;
			exceptions = (
				ED7719272CEB2D12009D7B05 /* Exceptions for "AppGlint_Zenith" folder in "AppGlint_Zenith" target */,
			);
			path = AppGlint_Zenith;
			sourceTree = "<group>";
		};
		ED7719182CEB2D12009D7B05 /* AppGlint_ZenithTests */ = {
			isa = PBXFileSystemSynchronizedRootGroup;
			path = AppGlint_ZenithTests;
			sourceTree = "<group>";
		};
		ED7719222CEB2D12009D7B05 /* AppGlint_ZenithUITests */ = {
			isa = PBXFileSystemSynchronizedRootGroup;
			path = AppGlint_ZenithUITests;
			sourceTree = "<group>";
		};
/* End PBXFileSystemSynchronizedRootGroup section */

/* Begin PBXFrameworksBuildPhase section */
		ED7718FC2CEB2D10009D7B05 /* Frameworks */ = {
			isa = PBXFrameworksBuildPhase;
			buildActionMask = 2147483647;
			files = (
			);
			runOnlyForDeploymentPostprocessing = 0;
		};
		ED7719122CEB2D12009D7B05 /* Frameworks */ = {
			isa = PBXFrameworksBuildPhase;
			buildActionMask = 2147483647;
			files = (
			);
			runOnlyForDeploymentPostprocessing = 0;
		};
		ED77191C2CEB2D12009D7B05 /* Frameworks */ = {
			isa = PBXFrameworksBuildPhase;
			buildActionMask = 2147483647;
			files = (
			);
			runOnlyForDeploymentPostprocessing = 0;
		};
/* End PBXFrameworksBuildPhase section */

/* Begin PBXGroup section */
		ED7718F62CEB2D10009D7B05 = {
			isa = PBXGroup;
			children = (
				ED7719012CEB2D10009D7B05 /* AppGlint_Zenith */,
				ED7719182CEB2D12009D7B05 /* AppGlint_ZenithTests */,
				ED7719222CEB2D12009D7B05 /* AppGlint_ZenithUITests */,
				ED7719002CEB2D10009D7B05 /* Products */,
			);
			sourceTree = "<group>";
		};
		ED7719002CEB2D10009D7B05 /* Products */ = {
			isa = PBXGroup;
			children = (
				ED7718FF2CEB2D10009D7B05 /* AppGlint_Zenith.app */,
				ED7719152CEB2D12009D7B05 /* AppGlint_ZenithTests.xctest */,
				ED77191F2CEB2D12009D7B05 /* AppGlint_ZenithUITests.xctest */,
			);
			name = Products;
			sourceTree = "<group>";
		};
/* End PBXGroup section */

/* Begin PBXNativeTarget section */
		ED7718FE2CEB2D10009D7B05 /* AppGlint_Zenith */ = {
			isa = PBXNativeTarget;
			buildConfigurationList = ED7719282CEB2D12009D7B05 /* Build configuration list for PBXNativeTarget "AppGlint_Zenith" */;
			buildPhases = (
				ED7718FB2CEB2D10009D7B05 /* Sources */,
				ED7718FC2CEB2D10009D7B05 /* Frameworks */,
				ED7718FD2CEB2D10009D7B05 /* Resources */,
			);
			buildRules = (
			);
			dependencies = (
			);
			fileSystemSynchronizedGroups = (
				ED7719012CEB2D10009D7B05 /* AppGlint_Zenith */,
			);
			name = AppGlint_Zenith;
			packageProductDependencies = (
			);
			productName = AppGlint_Zenith;
			productReference = ED7718FF2CEB2D10009D7B05 /* AppGlint_Zenith.app */;
			productType = "com.apple.product-type.application";
		};
		ED7719142CEB2D12009D7B05 /* AppGlint_ZenithTests */ = {
			isa = PBXNativeTarget;
			buildConfigurationList = ED77192D2CEB2D12009D7B05 /* Build configuration list for PBXNativeTarget "AppGlint_ZenithTests" */;
			buildPhases = (
				ED7719112CEB2D12009D7B05 /* Sources */,
				ED7719122CEB2D12009D7B05 /* Frameworks */,
				ED7719132CEB2D12009D7B05 /* Resources */,
			);
			buildRules = (
			);
			dependencies = (
				ED7719172CEB2D12009D7B05 /* PBXTargetDependency */,
			);
			fileSystemSynchronizedGroups = (
				ED7719182CEB2D12009D7B05 /* AppGlint_ZenithTests */,
			);
			name = AppGlint_ZenithTests;
			packageProductDependencies = (
			);
			productName = AppGlint_ZenithTests;
			productReference = ED7719152CEB2D12009D7B05 /* AppGlint_ZenithTests.xctest */;
			productType = "com.apple.product-type.bundle.unit-test";
		};
		ED77191E2CEB2D12009D7B05 /* AppGlint_ZenithUITests */ = {
			isa = PBXNativeTarget;
			buildConfigurationList = ED7719302CEB2D12009D7B05 /* Build configuration list for PBXNativeTarget "AppGlint_ZenithUITests" */;
			buildPhases = (
				ED77191B2CEB2D12009D7B05 /* Sources */,
				ED77191C2CEB2D12009D7B05 /* Frameworks */,
				ED77191D2CEB2D12009D7B05 /* Resources */,
			);
			buildRules = (
			);
			dependencies = (
				ED7719212CEB2D12009D7B05 /* PBXTargetDependency */,
			);
			fileSystemSynchronizedGroups = (
				ED7719222CEB2D12009D7B05 /* AppGlint_ZenithUITests */,
			);
			name = AppGlint_ZenithUITests;
			packageProductDependencies = (
			);
			productName = AppGlint_ZenithUITests;
			productReference = ED77191F2CEB2D12009D7B05 /* AppGlint_ZenithUITests.xctest */;
			productType = "com.apple.product-type.bundle.ui-testing";
		};
/* End PBXNativeTarget section */

/* Begin PBXProject section */
		ED7718F72CEB2D10009D7B05 /* Project object */ = {
			isa = PBXProject;
			attributes = {
				BuildIndependentTargetsInParallel = 1;
				LastSwiftUpdateCheck = 1610;
				LastUpgradeCheck = 1610;
				TargetAttributes = {
					ED7718FE2CEB2D10009D7B05 = {
						CreatedOnToolsVersion = 16.1;
					};
					ED7719142CEB2D12009D7B05 = {
						CreatedOnToolsVersion = 16.1;
						TestTargetID = ED7718FE2CEB2D10009D7B05;
					};
					ED77191E2CEB2D12009D7B05 = {
						CreatedOnToolsVersion = 16.1;
						TestTargetID = ED7718FE2CEB2D10009D7B05;
					};
				};
			};
			buildConfigurationList = ED7718FA2CEB2D10009D7B05 /* Build configuration list for PBXProject "AppGlint_Zenith" */;
			developmentRegion = en;
			hasScannedForEncodings = 0;
			knownRegions = (
				en,
				Base,
			);
			mainGroup = ED7718F62CEB2D10009D7B05;
			minimizedProjectReferenceProxies = 1;
			preferredProjectObjectVersion = 77;
			productRefGroup = ED7719002CEB2D10009D7B05 /* Products */;
			projectDirPath = "";
			projectRoot = "";
			targets = (
				ED7718FE2CEB2D10009D7B05 /* AppGlint_Zenith */,
				ED7719142CEB2D12009D7B05 /* AppGlint_ZenithTests */,
				ED77191E2CEB2D12009D7B05 /* AppGlint_ZenithUITests */,
			);
		};
/* End PBXProject section */

/* Begin PBXResourcesBuildPhase section */
		ED7718FD2CEB2D10009D7B05 /* Resources */ = {
			isa = PBXResourcesBuildPhase;
			buildActionMask = 2147483647;
			files = (
			);
			runOnlyForDeploymentPostprocessing = 0;
		};
		ED7719132CEB2D12009D7B05 /* Resources */ = {
			isa = PBXResourcesBuildPhase;
			buildActionMask = 2147483647;
			files = (
			);
			runOnlyForDeploymentPostprocessing = 0;
		};
		ED77191D2CEB2D12009D7B05 /* Resources */ = {
			isa = PBXResourcesBuildPhase;
			buildActionMask = 2147483647;
			files = (
			);
			runOnlyForDeploymentPostprocessing = 0;
		};
/* End PBXResourcesBuildPhase section */

/* Begin PBXSourcesBuildPhase section */
		ED7718FB2CEB2D10009D7B05 /* Sources */ = {
			isa = PBXSourcesBuildPhase;
			buildActionMask = 2147483647;
			files = (
			);
			runOnlyForDeploymentPostprocessing = 0;
		};
		ED7719112CEB2D12009D7B05 /* Sources */ = {
			isa = PBXSourcesBuildPhase;
			buildActionMask = 2147483647;
			files = (
			);
			runOnlyForDeploymentPostprocessing = 0;
		};
		ED77191B2CEB2D12009D7B05 /* Sources */ = {
			isa = PBXSourcesBuildPhase;
			buildActionMask = 2147483647;
			files = (
			);
			runOnlyForDeploymentPostprocessing = 0;
		};
/* End PBXSourcesBuildPhase section */

/* Begin PBXTargetDependency section */
		ED7719172CEB2D12009D7B05 /* PBXTargetDependency */ = {
			isa = PBXTargetDependency;
			target = ED7718FE2CEB2D10009D7B05 /* AppGlint_Zenith */;
			targetProxy = ED7719162CEB2D12009D7B05 /* PBXContainerItemProxy */;
		};
		ED7719212CEB2D12009D7B05 /* PBXTargetDependency */ = {
			isa = PBXTargetDependency;
			target = ED7718FE2CEB2D10009D7B05 /* AppGlint_Zenith */;
			targetProxy = ED7719202CEB2D12009D7B05 /* PBXContainerItemProxy */;
		};
/* End PBXTargetDependency section */

/* Begin XCBuildConfiguration section */
		ED7719292CEB2D12009D7B05 /* Debug */ = {
			isa = XCBuildConfiguration;
			buildSettings = {
				ASSETCATALOG_COMPILER_APPICON_NAME = AppIcon;
				ASSETCATALOG_COMPILER_GLOBAL_ACCENT_COLOR_NAME = AccentColor;
				CODE_SIGN_STYLE = Automatic;
				CURRENT_PROJECT_VERSION = 1;
				DEVELOPMENT_TEAM = 3N6J63S2HT;
				GENERATE_INFOPLIST_FILE = YES;
				INFOPLIST_FILE = AppGlint_Zenith/Info.plist;
				INFOPLIST_KEY_UIApplicationSupportsIndirectInputEvents = YES;
				INFOPLIST_KEY_UILaunchStoryboardName = LaunchScreen;
				INFOPLIST_KEY_UIMainStoryboardFile = Main;
				INFOPLIST_KEY_UISupportedInterfaceOrientations_iPad = "UIInterfaceOrientationPortrait UIInterfaceOrientationPortraitUpsideDown UIInterfaceOrientationLandscapeLeft UIInterfaceOrientationLandscapeRight";
				INFOPLIST_KEY_UISupportedInterfaceOrientations_iPhone = "UIInterfaceOrientationPortrait UIInterfaceOrientationLandscapeLeft UIInterfaceOrientationLandscapeRight";
				LD_RUNPATH_SEARCH_PATHS = (
					"$(inherited)",
					"@executable_path/Frameworks",
				);
				MARKETING_VERSION = 1.0;
				PRODUCT_BUNDLE_IDENTIFIER = "com.Glint-UIKit.AppGlint-Zenith";
				PRODUCT_NAME = "$(TARGET_NAME)";
				SWIFT_EMIT_LOC_STRINGS = YES;
				SWIFT_VERSION = 5.0;
				TARGETED_DEVICE_FAMILY = "1,2";
			};
			name = Debug;
		};
		ED77192A2CEB2D12009D7B05 /* Release */ = {
			isa = XCBuildConfiguration;
			buildSettings = {
				ASSETCATALOG_COMPILER_APPICON_NAME = AppIcon;
				ASSETCATALOG_COMPILER_GLOBAL_ACCENT_COLOR_NAME = AccentColor;
				CODE_SIGN_STYLE = Automatic;
				CURRENT_PROJECT_VERSION = 1;
				DEVELOPMENT_TEAM = 3N6J63S2HT;
				GENERATE_INFOPLIST_FILE = YES;
				INFOPLIST_FILE = AppGlint_Zenith/Info.plist;
				INFOPLIST_KEY_UIApplicationSupportsIndirectInputEvents = YES;
				INFOPLIST_KEY_UILaunchStoryboardName = LaunchScreen;
				INFOPLIST_KEY_UIMainStoryboardFile = Main;
				INFOPLIST_KEY_UISupportedInterfaceOrientations_iPad = "UIInterfaceOrientationPortrait UIInterfaceOrientationPortraitUpsideDown UIInterfaceOrientationLandscapeLeft UIInterfaceOrientationLandscapeRight";
				INFOPLIST_KEY_UISupportedInterfaceOrientations_iPhone = "UIInterfaceOrientationPortrait UIInterfaceOrientationLandscapeLeft UIInterfaceOrientationLandscapeRight";
				LD_RUNPATH_SEARCH_PATHS = (
					"$(inherited)",
					"@executable_path/Frameworks",
				);
				MARKETING_VERSION = 1.0;
				PRODUCT_BUNDLE_IDENTIFIER = "com.Glint-UIKit.AppGlint-Zenith";
				PRODUCT_NAME = "$(TARGET_NAME)";
				SWIFT_EMIT_LOC_STRINGS = YES;
				SWIFT_VERSION = 5.0;
				TARGETED_DEVICE_FAMILY = "1,2";
			};
			name = Release;
		};
		ED77192B2CEB2D12009D7B05 /* Debug */ = {
			isa = XCBuildConfiguration;
			buildSettings = {
				ALWAYS_SEARCH_USER_PATHS = NO;
				ASSETCATALOG_COMPILER_GENERATE_SWIFT_ASSET_SYMBOL_EXTENSIONS = YES;
				CLANG_ANALYZER_NONNULL = YES;
				CLANG_ANALYZER_NUMBER_OBJECT_CONVERSION = YES_AGGRESSIVE;
				CLANG_CXX_LANGUAGE_STANDARD = "gnu++20";
				CLANG_ENABLE_MODULES = YES;
				CLANG_ENABLE_OBJC_ARC = YES;
				CLANG_ENABLE_OBJC_WEAK = YES;
				CLANG_WARN_BLOCK_CAPTURE_AUTORELEASING = YES;
				CLANG_WARN_BOOL_CONVERSION = YES;
				CLANG_WARN_COMMA = YES;
				CLANG_WARN_CONSTANT_CONVERSION = YES;
				CLANG_WARN_DEPRECATED_OBJC_IMPLEMENTATIONS = YES;
				CLANG_WARN_DIRECT_OBJC_ISA_USAGE = YES_ERROR;
				CLANG_WARN_DOCUMENTATION_COMMENTS = YES;
				CLANG_WARN_EMPTY_BODY = YES;
				CLANG_WARN_ENUM_CONVERSION = YES;
				CLANG_WARN_INFINITE_RECURSION = YES;
				CLANG_WARN_INT_CONVERSION = YES;
				CLANG_WARN_NON_LITERAL_NULL_CONVERSION = YES;
				CLANG_WARN_OBJC_IMPLICIT_RETAIN_SELF = YES;
				CLANG_WARN_OBJC_LITERAL_CONVERSION = YES;
				CLANG_WARN_OBJC_ROOT_CLASS = YES_ERROR;
				CLANG_WARN_QUOTED_INCLUDE_IN_FRAMEWORK_HEADER = YES;
				CLANG_WARN_RANGE_LOOP_ANALYSIS = YES;
				CLANG_WARN_STRICT_PROTOTYPES = YES;
				CLANG_WARN_SUSPICIOUS_MOVE = YES;
				CLANG_WARN_UNGUARDED_AVAILABILITY = YES_AGGRESSIVE;
				CLANG_WARN_UNREACHABLE_CODE = YES;
				CLANG_WARN__DUPLICATE_METHOD_MATCH = YES;
				COPY_PHASE_STRIP = NO;
				DEBUG_INFORMATION_FORMAT = dwarf;
				ENABLE_STRICT_OBJC_MSGSEND = YES;
				ENABLE_TESTABILITY = YES;
				ENABLE_USER_SCRIPT_SANDBOXING = YES;
				GCC_C_LANGUAGE_STANDARD = gnu17;
				GCC_DYNAMIC_NO_PIC = NO;
				GCC_NO_COMMON_BLOCKS = YES;
				GCC_OPTIMIZATION_LEVEL = 0;
				GCC_PREPROCESSOR_DEFINITIONS = (
					"DEBUG=1",
					"$(inherited)",
				);
				GCC_WARN_64_TO_32_BIT_CONVERSION = YES;
				GCC_WARN_ABOUT_RETURN_TYPE = YES_ERROR;
				GCC_WARN_UNDECLARED_SELECTOR = YES;
				GCC_WARN_UNINITIALIZED_AUTOS = YES_AGGRESSIVE;
				GCC_WARN_UNUSED_FUNCTION = YES;
				GCC_WARN_UNUSED_VARIABLE = YES;
				IPHONEOS_DEPLOYMENT_TARGET = 18.1;
				LOCALIZATION_PREFERS_STRING_CATALOGS = YES;
				MTL_ENABLE_DEBUG_INFO = INCLUDE_SOURCE;
				MTL_FAST_MATH = YES;
				ONLY_ACTIVE_ARCH = YES;
				SDKROOT = iphoneos;
				SWIFT_ACTIVE_COMPILATION_CONDITIONS = "DEBUG $(inherited)";
				SWIFT_OPTIMIZATION_LEVEL = "-Onone";
			};
			name = Debug;
		};
		ED77192C2CEB2D12009D7B05 /* Release */ = {
			isa = XCBuildConfiguration;
			buildSettings = {
				ALWAYS_SEARCH_USER_PATHS = NO;
				ASSETCATALOG_COMPILER_GENERATE_SWIFT_ASSET_SYMBOL_EXTENSIONS = YES;
				CLANG_ANALYZER_NONNULL = YES;
				CLANG_ANALYZER_NUMBER_OBJECT_CONVERSION = YES_AGGRESSIVE;
				CLANG_CXX_LANGUAGE_STANDARD = "gnu++20";
				CLANG_ENABLE_MODULES = YES;
				CLANG_ENABLE_OBJC_ARC = YES;
				CLANG_ENABLE_OBJC_WEAK = YES;
				CLANG_WARN_BLOCK_CAPTURE_AUTORELEASING = YES;
				CLANG_WARN_BOOL_CONVERSION = YES;
				CLANG_WARN_COMMA = YES;
				CLANG_WARN_CONSTANT_CONVERSION = YES;
				CLANG_WARN_DEPRECATED_OBJC_IMPLEMENTATIONS = YES;
				CLANG_WARN_DIRECT_OBJC_ISA_USAGE = YES_ERROR;
				CLANG_WARN_DOCUMENTATION_COMMENTS = YES;
				CLANG_WARN_EMPTY_BODY = YES;
				CLANG_WARN_ENUM_CONVERSION = YES;
				CLANG_WARN_INFINITE_RECURSION = YES;
				CLANG_WARN_INT_CONVERSION = YES;
				CLANG_WARN_NON_LITERAL_NULL_CONVERSION = YES;
				CLANG_WARN_OBJC_IMPLICIT_RETAIN_SELF = YES;
				CLANG_WARN_OBJC_LITERAL_CONVERSION = YES;
				CLANG_WARN_OBJC_ROOT_CLASS = YES_ERROR;
				CLANG_WARN_QUOTED_INCLUDE_IN_FRAMEWORK_HEADER = YES;
				CLANG_WARN_RANGE_LOOP_ANALYSIS = YES;
				CLANG_WARN_STRICT_PROTOTYPES = YES;
				CLANG_WARN_SUSPICIOUS_MOVE = YES;
				CLANG_WARN_UNGUARDED_AVAILABILITY = YES_AGGRESSIVE;
				CLANG_WARN_UNREACHABLE_CODE = YES;
				CLANG_WARN__DUPLICATE_METHOD_MATCH = YES;
				COPY_PHASE_STRIP = NO;
				DEBUG_INFORMATION_FORMAT = "dwarf-with-dsym";
				ENABLE_NS_ASSERTIONS = NO;
				ENABLE_STRICT_OBJC_MSGSEND = YES;
				ENABLE_USER_SCRIPT_SANDBOXING = YES;
				GCC_C_LANGUAGE_STANDARD = gnu17;
				GCC_NO_COMMON_BLOCKS = YES;
				GCC_WARN_64_TO_32_BIT_CONVERSION = YES;
				GCC_WARN_ABOUT_RETURN_TYPE = YES_ERROR;
				GCC_WARN_UNDECLARED_SELECTOR = YES;
				GCC_WARN_UNINITIALIZED_AUTOS = YES_AGGRESSIVE;
				GCC_WARN_UNUSED_FUNCTION = YES;
				GCC_WARN_UNUSED_VARIABLE = YES;
				IPHONEOS_DEPLOYMENT_TARGET = 18.1;
				LOCALIZATION_PREFERS_STRING_CATALOGS = YES;
				MTL_ENABLE_DEBUG_INFO = NO;
				MTL_FAST_MATH = YES;
				SDKROOT = iphoneos;
				SWIFT_COMPILATION_MODE = wholemodule;
				VALIDATE_PRODUCT = YES;
			};
			name = Release;
		};
		ED77192E2CEB2D12009D7B05 /* Debug */ = {
			isa = XCBuildConfiguration;
			buildSettings = {
				BUNDLE_LOADER = "$(TEST_HOST)";
				CODE_SIGN_STYLE = Automatic;
				CURRENT_PROJECT_VERSION = 1;
				DEVELOPMENT_TEAM = 3N6J63S2HT;
				GENERATE_INFOPLIST_FILE = YES;
				IPHONEOS_DEPLOYMENT_TARGET = 18.1;
				MARKETING_VERSION = 1.0;
				PRODUCT_BUNDLE_IDENTIFIER = "com.Glint-UIKit.AppGlint-ZenithTests";
				PRODUCT_NAME = "$(TARGET_NAME)";
				SWIFT_EMIT_LOC_STRINGS = NO;
				SWIFT_VERSION = 5.0;
				TARGETED_DEVICE_FAMILY = "1,2";
				TEST_HOST = "$(BUILT_PRODUCTS_DIR)/AppGlint_Zenith.app/$(BUNDLE_EXECUTABLE_FOLDER_PATH)/AppGlint_Zenith";
			};
			name = Debug;
		};
		ED77192F2CEB2D12009D7B05 /* Release */ = {
			isa = XCBuildConfiguration;
			buildSettings = {
				BUNDLE_LOADER = "$(TEST_HOST)";
				CODE_SIGN_STYLE = Automatic;
				CURRENT_PROJECT_VERSION = 1;
				DEVELOPMENT_TEAM = 3N6J63S2HT;
				GENERATE_INFOPLIST_FILE = YES;
				IPHONEOS_DEPLOYMENT_TARGET = 18.1;
				MARKETING_VERSION = 1.0;
				PRODUCT_BUNDLE_IDENTIFIER = "com.Glint-UIKit.AppGlint-ZenithTests";
				PRODUCT_NAME = "$(TARGET_NAME)";
				SWIFT_EMIT_LOC_STRINGS = NO;
				SWIFT_VERSION = 5.0;
				TARGETED_DEVICE_FAMILY = "1,2";
				TEST_HOST = "$(BUILT_PRODUCTS_DIR)/AppGlint_Zenith.app/$(BUNDLE_EXECUTABLE_FOLDER_PATH)/AppGlint_Zenith";
			};
			name = Release;
		};
		ED7719312CEB2D12009D7B05 /* Debug */ = {
			isa = XCBuildConfiguration;
			buildSettings = {
				CODE_SIGN_STYLE = Automatic;
				CURRENT_PROJECT_VERSION = 1;
				DEVELOPMENT_TEAM = 3N6J63S2HT;
				GENERATE_INFOPLIST_FILE = YES;
				MARKETING_VERSION = 1.0;
				PRODUCT_BUNDLE_IDENTIFIER = "com.Glint-UIKit.AppGlint-ZenithUITests";
				PRODUCT_NAME = "$(TARGET_NAME)";
				SWIFT_EMIT_LOC_STRINGS = NO;
				SWIFT_VERSION = 5.0;
				TARGETED_DEVICE_FAMILY = "1,2";
				TEST_TARGET_NAME = AppGlint_Zenith;
			};
			name = Debug;
		};
		ED7719322CEB2D12009D7B05 /* Release */ = {
			isa = XCBuildConfiguration;
			buildSettings = {
				CODE_SIGN_STYLE = Automatic;
				CURRENT_PROJECT_VERSION = 1;
				DEVELOPMENT_TEAM = 3N6J63S2HT;
				GENERATE_INFOPLIST_FILE = YES;
				MARKETING_VERSION = 1.0;
				PRODUCT_BUNDLE_IDENTIFIER = "com.Glint-UIKit.AppGlint-ZenithUITests";
				PRODUCT_NAME = "$(TARGET_NAME)";
				SWIFT_EMIT_LOC_STRINGS = NO;
				SWIFT_VERSION = 5.0;
				TARGETED_DEVICE_FAMILY = "1,2";
				TEST_TARGET_NAME = AppGlint_Zenith;
			};
			name = Release;
		};
/* End XCBuildConfiguration section */

/* Begin XCConfigurationList section */
		ED7718FA2CEB2D10009D7B05 /* Build configuration list for PBXProject "AppGlint_Zenith" */ = {
			isa = XCConfigurationList;
			buildConfigurations = (
				ED77192B2CEB2D12009D7B05 /* Debug */,
				ED77192C2CEB2D12009D7B05 /* Release */,
			);
			defaultConfigurationIsVisible = 0;
			defaultConfigurationName = Release;
		};
		ED7719282CEB2D12009D7B05 /* Build configuration list for PBXNativeTarget "AppGlint_Zenith" */ = {
			isa = XCConfigurationList;
			buildConfigurations = (
				ED7719292CEB2D12009D7B05 /* Debug */,
				ED77192A2CEB2D12009D7B05 /* Release */,
			);
			defaultConfigurationIsVisible = 0;
			defaultConfigurationName = Release;
		};
		ED77192D2CEB2D12009D7B05 /* Build configuration list for PBXNativeTarget "AppGlint_ZenithTests" */ = {
			isa = XCConfigurationList;
			buildConfigurations = (
				ED77192E2CEB2D12009D7B05 /* Debug */,
				ED77192F2CEB2D12009D7B05 /* Release */,
			);
			defaultConfigurationIsVisible = 0;
			defaultConfigurationName = Release;
		};
		ED7719302CEB2D12009D7B05 /* Build configuration list for PBXNativeTarget "AppGlint_ZenithUITests" */ = {
			isa = XCConfigurationList;
			buildConfigurations = (
				ED7719312CEB2D12009D7B05 /* Debug */,
				ED7719322CEB2D12009D7B05 /* Release */,
			);
			defaultConfigurationIsVisible = 0;
			defaultConfigurationName = Release;
		};
/* End XCConfigurationList section */
	};
	rootObject = ED7718F72CEB2D10009D7B05 /* Project object */;
}
